
Microsoft Visual Studio Solution File, Format Version 12.00
# Visual Studio 15
VisualStudioVersion = 15.0.28307.1401
MinimumVisualStudioVersion = 10.0.40219.1
Project("{8BC9CEB8-8B4A-11D0-8D11-00A0C91BC942}") = "GetActiveWindowsWithURL", "GetActiveWindowsWithURL\GetActiveWindowsWithURL.vcxproj", "{5170140B-74AF-47F6-BFBB-EAB9AE4B17D7}"
EndProject
Project("{8BC9CEB8-8B4A-11D0-8D11-00A0C91BC942}") = "GetForegroundWindow", "GetForegroundWindow\GetForegroundWindow.vcxproj", "{F3B4142D-ABCD-4EB0-BEBB-B576EDE5E16F}"
EndProject
Global
	GlobalSection(SolutionConfigurationPlatforms) = preSolution
		Debug|x64 = Debug|x64
		Debug|x86 = Debug|x86
		Release|x64 = Release|x64
		Release|x86 = Release|x86
	EndGlobalSection
	GlobalSection(ProjectConfigurationPlatforms) = postSolution
		{5170140B-74AF-47F6-BFBB-EAB9AE4B17D7}.Debug|x64.ActiveCfg = Debug|x64
		{5170140B-74AF-47F6-BFBB-EAB9AE4B17D7}.Debug|x64.Build.0 = Debug|x64
		{5170140B-74AF-47F6-BFBB-EAB9AE4B17D7}.Debug|x86.ActiveCfg = Debug|Win32
		{5170140B-74AF-47F6-BFBB-EAB9AE4B17D7}.Debug|x86.Build.0 = Debug|Win32
		{5170140B-74AF-47F6-BFBB-EAB9AE4B17D7}.Release|x64.ActiveCfg = Release|x64
		{5170140B-74AF-47F6-BFBB-EAB9AE4B17D7}.Release|x64.Build.0 = Release|x64
		{5170140B-74AF-47F6-BFBB-EAB9AE4B17D7}.Release|x86.ActiveCfg = Release|Win32
		{5170140B-74AF-47F6-BFBB-EAB9AE4B17D7}.Release|x86.Build.0 = Release|Win32
		{F3B4142D-ABCD-4EB0-BEBB-B576EDE5E16F}.Debug|x64.ActiveCfg = Debug|x64
		{F3B4142D-ABCD-4EB0-BEBB-B576EDE5E16F}.Debug|x64.Build.0 = Debug|x64
		{F3B4142D-ABCD-4EB0-BEBB-B576EDE5E16F}.Debug|x86.ActiveCfg = Debug|Win32
		{F3B4142D-ABCD-4EB0-BEBB-B576EDE5E16F}.Debug|x86.Build.0 = Debug|Win32
		{F3B4142D-ABCD-4EB0-BEBB-B576EDE5E16F}.Release|x64.ActiveCfg = Release|x64
		{F3B4142D-ABCD-4EB0-BEBB-B576EDE5E16F}.Release|x64.Build.0 = Release|x64
		{F3B4142D-ABCD-4EB0-BEBB-B576EDE5E16F}.Release|x86.ActiveCfg = Release|Win32
		{F3B4142D-ABCD-4EB0-BEBB-B576EDE5E16F}.Release|x86.Build.0 = Release|Win32
	EndGlobalSection
	GlobalSection(SolutionProperties) = preSolution
		HideSolutionNode = FALSE
	EndGlobalSection
	GlobalSection(ExtensibilityGlobals) = postSolution
		SolutionGuid = {C85469A9-34A2-46EE-8FD5-464D2D63C5C0}
	EndGlobalSection
EndGlobal
